{
  "name": "app-header",
  "version": "0.0.1",
  "lockfileVersion": 1,
  "requires": true,
  "dependencies": {
    "@ngx-translate/core": {
      "version": "12.1.2",
      "resolved": "https://registry.npmjs.org/@ngx-translate/core/-/core-12.1.2.tgz",
      "integrity": "sha512-ZudJsqIxTKlLmPoqK8gJY3UpMGujR0Xm7HfXL6AR79yGRS23QqpjAhMfx4v5qUCcHMmQ9/78bW8QJLfp31c7vQ=="
    },
    "deepmerge": {
      "version": "2.1.1",
      "resolved": "https://registry.npmjs.org/deepmerge/-/deepmerge-2.1.1.tgz",
      "integrity": "sha512-urQxA1smbLZ2cBbXbaYObM1dJ82aJ2H57A1C/Kklfh/ZN1bgH4G/n5KWhdNfOK11W98gqZfyYj7W4frJJRwA2w=="
    },
    "ngx-translate-multi-http-loader": {
      "version": "3.0.0",
      "resolved": "https://registry.npmjs.org/ngx-translate-multi-http-loader/-/ngx-translate-multi-http-loader-3.0.0.tgz",
      "integrity": "sha512-tN9a97sdXkqGZIeQhnl14l+7+xFwqpYMTkbrW7K/1f16q3+OFC++1uPfrKs7rACQ7ZBmTJ86JB729PTUIVi3xA==",
      "requires": {
        "deepmerge": "2.1.1",
        "tslib": "^1.9.0"
      }
    },
    "tslib": {
      "version": "1.11.1",
      "resolved": "https://registry.npmjs.org/tslib/-/tslib-1.11.1.tgz",
      "integrity": "sha512-aZW88SY8kQbU7gpV19lN24LtXh/yD4ZZg6qieAJDDg+YBsJcSmLGK9QpnUjAKVG/xefmvJGd1WUmfpT/g6AJGA=="
    }
  }
}
